# This file is automatically @generated by Cargo.
# It is not intended for manual editing.
version = 4

[[package]]
name = "hkv-client"
version = "0.1.0"

[[package]]
name = "hkv-common"
version = "0.1.0"

[[package]]
name = "hkv-engine"
version = "0.1.0"

[[package]]
name = "hkv-gui"
version = "0.1.0"

[[package]]
name = "hkv-kernel"
version = "0.1.0"

[[package]]
name = "hkv-server"
version = "0.1.0"
